
Microsoft Visual Studio Solution File, Format Version 12.00
# Visual Studio Version 17
VisualStudioVersion = 17.2.32519.379
MinimumVisualStudioVersion = 10.0.40219.1
Project("{FAE04EC0-301F-11D3-BF4B-00C04F79EFBC}") = "sd300-assignment", "sd300-assignment\sd300-assignment.csproj", "{B5AE15EC-3179-4C3D-A500-0226E426E7E2}"
EndProject
Global
	GlobalSection(SolutionConfigurationPlatforms) = preSolution
		Debug|Any CPU = Debug|Any CPU
		Release|Any CPU = Release|Any CPU
	EndGlobalSection
	GlobalSection(ProjectConfigurationPlatforms) = postSolution
		{B5AE15EC-3179-4C3D-A500-0226E426E7E2}.Debug|Any CPU.ActiveCfg = Debug|Any CPU
		{B5AE15EC-3179-4C3D-A500-0226E426E7E2}.Debug|Any CPU.Build.0 = Debug|Any CPU
		{B5AE15EC-3179-4C3D-A500-0226E426E7E2}.Release|Any CPU.ActiveCfg = Release|Any CPU
		{B5AE15EC-3179-4C3D-A500-0226E426E7E2}.Release|Any CPU.Build.0 = Release|Any CPU
	EndGlobalSection
	GlobalSection(SolutionProperties) = preSolution
		HideSolutionNode = FALSE
	EndGlobalSection
	GlobalSection(ExtensibilityGlobals) = postSolution
		SolutionGuid = {431B1A6D-3BBB-41DB-AFC9-0FE2F9C63B7A}
	EndGlobalSection
EndGlobal
